
Microsoft Visual Studio Solution File, Format Version 12.00
# Visual Studio Version 16
VisualStudioVersion = 16.0.29215.179
MinimumVisualStudioVersion = 10.0.40219.1
Project("{FAE04EC0-301F-11D3-BF4B-00C04F79EFBC}") = "ExampleApp", "ExampleApp\ExampleApp.csproj", "{2543B8BD-39B2-4058-957D-EC319981A069}"
EndProject
Project("{2150E333-8FDC-42A3-9474-1A3956D46DE8}") = "Challenge", "Challenge", "{494C75D9-CD8B-4CCD-958F-3A8E271EBF56}"
EndProject
Global
	GlobalSection(SolutionConfigurationPlatforms) = preSolution
		Debug|Any CPU = Debug|Any CPU
		Release|Any CPU = Release|Any CPU
	EndGlobalSection
	GlobalSection(ProjectConfigurationPlatforms) = postSolution
		{2543B8BD-39B2-4058-957D-EC319981A069}.Debug|Any CPU.ActiveCfg = Debug|Any CPU
		{2543B8BD-39B2-4058-957D-EC319981A069}.Debug|Any CPU.Build.0 = Debug|Any CPU
		{2543B8BD-39B2-4058-957D-EC319981A069}.Release|Any CPU.ActiveCfg = Release|Any CPU
		{2543B8BD-39B2-4058-957D-EC319981A069}.Release|Any CPU.Build.0 = Release|Any CPU
	EndGlobalSection
	GlobalSection(SolutionProperties) = preSolution
		HideSolutionNode = FALSE
	EndGlobalSection
	GlobalSection(ExtensibilityGlobals) = postSolution
		SolutionGuid = {677EB7F0-837C-43FF-8112-A23F3B6BFCC0}
	EndGlobalSection
EndGlobal
